<?xml version="1.0" encoding="utf-8"?>
<Project ToolsVersion="4.0" xmlns="http://schemas.microsoft.com/developer/msbuild/2003">
  <ItemGroup>
    <Filter Include="src">
      <UniqueIdentifier>{2153dbf2-0a41-4dac-ba71-1c9a9c06881e}</UniqueIdentifier>
    </Filter>
  </ItemGroup>
  <ItemGroup>
    <ClCompile Include="src\d3d11.cpp">
      <Filter>src</Filter>
    </ClCompile>
    <ClCompile Include="src\vlp16.cpp">
      <Filter>src</Filter>
    </ClCompile>
    <ClCompile Include="src\mk_counter.cpp">
      <Filter>src</Filter>
    </ClCompile>
    <ClCompile Include="src\ring_buffer_spsc.cpp">
      <Filter>src</Filter>
    </ClCompile>
  </ItemGroup>
  <ItemGroup>
    <ClInclude Include="src\scope_exit.h">
      <Filter>src</Filter>
    </ClInclude>
    <ClInclude Include="src\vlp16.h">
      <Filter>src</Filter>
    </ClInclude>
    <ClInclude Include="src\mk_utils.h">
      <Filter>src</Filter>
    </ClInclude>
    <ClInclude Include="src\mk_bit_utils.h">
      <Filter>src</Filter>
    </ClInclude>
    <ClInclude Include="src\ring_buffer.h">
      <Filter>src</Filter>
    </ClInclude>
    <ClInclude Include="src\mk_counter.h">
      <Filter>src</Filter>
    </ClInclude>
    <ClInclude Include="src\ring_buffer_spsc.h">
      <Filter>src</Filter>
    </ClInclude>
  </ItemGroup>
  <ItemGroup>
    <FxCompile Include="src\vertex_shader.hlsl">
      <Filter>src</Filter>
    </FxCompile>
    <FxCompile Include="src\pixel_shader.hlsl">
      <Filter>src</Filter>
    </FxCompile>
  </ItemGroup>
  <ItemGroup>
    <None Include="src\build_pixel_shader_debug.bat">
      <Filter>src</Filter>
    </None>
    <None Include="src\build_pixel_shader_release.bat">
      <Filter>src</Filter>
    </None>
    <None Include="src\build_vertex_shader_debug.bat">
      <Filter>src</Filter>
    </None>
    <None Include="src\build_vertex_shader_release.bat">
      <Filter>src</Filter>
    </None>
    <None Include="src\build_all_shaders.bat">
      <Filter>src</Filter>
    </None>
    <None Include="src\mk_utils.inl">
      <Filter>src</Filter>
    </None>
    <None Include="src\ring_buffer.inl">
      <Filter>src</Filter>
    </None>
    <None Include="src\ring_buffer_spsc.inl">
      <Filter>src</Filter>
    </None>
  </ItemGroup>
  <ItemGroup>
    <Natvis Include="src\ring_buffer.natvis">
      <Filter>src</Filter>
    </Natvis>
    <Natvis Include="src\ring_buffer_spsc.natvis">
      <Filter>src</Filter>
    </Natvis>
  </ItemGroup>
</Project>